
Microsoft Visual Studio Solution File, Format Version 12.00
# Visual Studio Version 16
VisualStudioVersion = 16.0.31313.79
MinimumVisualStudioVersion = 10.0.40219.1
Project("{9A19103F-16F7-4668-BE54-9A1E7A4F7556}") = "Barinbar.API", "Barinbar.API.csproj", "{F1DBD2F7-733F-4BBF-AEEC-EACFB80E9128}"
EndProject
Global
	GlobalSection(SolutionConfigurationPlatforms) = preSolution
		Debug|Any CPU = Debug|Any CPU
		Release|Any CPU = Release|Any CPU
	EndGlobalSection
	GlobalSection(ProjectConfigurationPlatforms) = postSolution
		{F1DBD2F7-733F-4BBF-AEEC-EACFB80E9128}.Debug|Any CPU.ActiveCfg = Debug|Any CPU
		{F1DBD2F7-733F-4BBF-AEEC-EACFB80E9128}.Debug|Any CPU.Build.0 = Debug|Any CPU
		{F1DBD2F7-733F-4BBF-AEEC-EACFB80E9128}.Release|Any CPU.ActiveCfg = Release|Any CPU
		{F1DBD2F7-733F-4BBF-AEEC-EACFB80E9128}.Release|Any CPU.Build.0 = Release|Any CPU
	EndGlobalSection
	GlobalSection(SolutionProperties) = preSolution
		HideSolutionNode = FALSE
	EndGlobalSection
	GlobalSection(ExtensibilityGlobals) = postSolution
		SolutionGuid = {6102357A-5897-4EB2-A152-67AB965D69E2}
	EndGlobalSection
EndGlobal
